
Microsoft Visual Studio Solution File, Format Version 12.00
# Visual Studio 15
VisualStudioVersion = 15.0.28307.168
MinimumVisualStudioVersion = 10.0.40219.1
Project("{8BC9CEB8-8B4A-11D0-8D11-00A0C91BC942}") = "DSAproject", "DSAproject\DSAproject.vcxproj", "{9843FDF5-4A8D-4FA4-88C9-E0BF63A4CF06}"
EndProject
Global
	GlobalSection(SolutionConfigurationPlatforms) = preSolution
		Debug|x64 = Debug|x64
		Debug|x86 = Debug|x86
		Release|x64 = Release|x64
		Release|x86 = Release|x86
	EndGlobalSection
	GlobalSection(ProjectConfigurationPlatforms) = postSolution
		{9843FDF5-4A8D-4FA4-88C9-E0BF63A4CF06}.Debug|x64.ActiveCfg = Debug|x64
		{9843FDF5-4A8D-4FA4-88C9-E0BF63A4CF06}.Debug|x64.Build.0 = Debug|x64
		{9843FDF5-4A8D-4FA4-88C9-E0BF63A4CF06}.Debug|x86.ActiveCfg = Debug|Win32
		{9843FDF5-4A8D-4FA4-88C9-E0BF63A4CF06}.Debug|x86.Build.0 = Debug|Win32
		{9843FDF5-4A8D-4FA4-88C9-E0BF63A4CF06}.Release|x64.ActiveCfg = Release|x64
		{9843FDF5-4A8D-4FA4-88C9-E0BF63A4CF06}.Release|x64.Build.0 = Release|x64
		{9843FDF5-4A8D-4FA4-88C9-E0BF63A4CF06}.Release|x86.ActiveCfg = Release|Win32
		{9843FDF5-4A8D-4FA4-88C9-E0BF63A4CF06}.Release|x86.Build.0 = Release|Win32
	EndGlobalSection
	GlobalSection(SolutionProperties) = preSolution
		HideSolutionNode = FALSE
	EndGlobalSection
	GlobalSection(ExtensibilityGlobals) = postSolution
		SolutionGuid = {F498AC52-C819-49DD-A059-8A8AC5660BBD}
	EndGlobalSection
EndGlobal
